
Microsoft Visual Studio Solution File, Format Version 12.00
# Visual Studio Version 16
VisualStudioVersion = 16.0.30804.86
MinimumVisualStudioVersion = 10.0.40219.1
Project("{FAE04EC0-301F-11D3-BF4B-00C04F79EFBC}") = "NetFrameworkTopShelfFluentSchedulerExample", "NetFrameworkTopShelfFluentSchedulerExample\NetFrameworkTopShelfFluentSchedulerExample.csproj", "{6530FF6C-B110-4496-B8B8-83887DEA09C9}"
EndProject
Project("{2150E333-8FDC-42A3-9474-1A3956D46DE8}") = "Solution Items", "Solution Items", "{70829BEC-E1B2-4C3A-A372-8DE31A377628}"
	ProjectSection(SolutionItems) = preProject
		.gitignore = .gitignore
		README.md = README.md
		SampleServiceInstallScript.ps1 = SampleServiceInstallScript.ps1
		SampleServiceUpdateScript.ps1 = SampleServiceUpdateScript.ps1
	EndProjectSection
EndProject
Global
	GlobalSection(SolutionConfigurationPlatforms) = preSolution
		Debug|Any CPU = Debug|Any CPU
		Release|Any CPU = Release|Any CPU
	EndGlobalSection
	GlobalSection(ProjectConfigurationPlatforms) = postSolution
		{6530FF6C-B110-4496-B8B8-83887DEA09C9}.Debug|Any CPU.ActiveCfg = Debug|Any CPU
		{6530FF6C-B110-4496-B8B8-83887DEA09C9}.Debug|Any CPU.Build.0 = Debug|Any CPU
		{6530FF6C-B110-4496-B8B8-83887DEA09C9}.Release|Any CPU.ActiveCfg = Release|Any CPU
		{6530FF6C-B110-4496-B8B8-83887DEA09C9}.Release|Any CPU.Build.0 = Release|Any CPU
	EndGlobalSection
	GlobalSection(SolutionProperties) = preSolution
		HideSolutionNode = FALSE
	EndGlobalSection
	GlobalSection(ExtensibilityGlobals) = postSolution
		SolutionGuid = {A8D5C958-173A-405C-8868-4E3C43F531FE}
	EndGlobalSection
EndGlobal
